
Microsoft Visual Studio Solution File, Format Version 12.00
# Visual Studio Version 17
VisualStudioVersion = 17.13.35931.197
MinimumVisualStudioVersion = 10.0.40219.1
Project("{2150E333-8FDC-42A3-9474-1A3956D46DE8}") = "src", "src", "{02EA681E-C7D8-13C7-8484-4AC65E1B71E8}"
EndProject
Project("{2150E333-8FDC-42A3-9474-1A3956D46DE8}") = "test", "test", "{131F094B-B3A0-4939-89DA-5E6E93632A32}"
EndProject
Project("{FAE04EC0-301F-11D3-BF4B-00C04F79EFBC}") = "Metrik.Domain", "src\Metrik.Domain\Metrik.Domain.csproj", "{B9FDC356-860C-47EE-901A-C4B5CAEAB7A0}"
EndProject
Project("{FAE04EC0-301F-11D3-BF4B-00C04F79EFBC}") = "Metrik.Application", "src\Metrik.Application\Metrik.Application.csproj", "{F024FE95-0EEE-4D6E-B8F7-82DA67091982}"
EndProject
Project("{FAE04EC0-301F-11D3-BF4B-00C04F79EFBC}") = "Metrik.Infrastructure", "src\Metrik.Infrastructure\Metrik.Infrastructure.csproj", "{912F3129-AEB9-B268-236C-E61D58C9FAC0}"
EndProject
Project("{FAE04EC0-301F-11D3-BF4B-00C04F79EFBC}") = "Metrik.Mapping", "src\Metrik.Mapping\Metrik.Mapping.csproj", "{1B853DE4-4AD5-4AD4-804C-3CA28B33C09E}"
EndProject
Project("{FAE04EC0-301F-11D3-BF4B-00C04F79EFBC}") = "Metrik.Api", "src\Metrik.Api\Metrik.Api.csproj", "{BCC5C200-92AE-4038-9E88-9D6A28330447}"
EndProject
Project("{FAE04EC0-301F-11D3-BF4B-00C04F79EFBC}") = "Metrik.Resources", "src\Metrik.Resources\Metrik.Resources.csproj", "{A802E3A1-0851-4860-8E5C-EE285DF1A622}"
EndProject
Global
	GlobalSection(SolutionConfigurationPlatforms) = preSolution
		Debug|Any CPU = Debug|Any CPU
		Release|Any CPU = Release|Any CPU
	EndGlobalSection
	GlobalSection(ProjectConfigurationPlatforms) = postSolution
		{B9FDC356-860C-47EE-901A-C4B5CAEAB7A0}.Debug|Any CPU.ActiveCfg = Debug|Any CPU
		{B9FDC356-860C-47EE-901A-C4B5CAEAB7A0}.Debug|Any CPU.Build.0 = Debug|Any CPU
		{B9FDC356-860C-47EE-901A-C4B5CAEAB7A0}.Release|Any CPU.ActiveCfg = Release|Any CPU
		{B9FDC356-860C-47EE-901A-C4B5CAEAB7A0}.Release|Any CPU.Build.0 = Release|Any CPU
		{F024FE95-0EEE-4D6E-B8F7-82DA67091982}.Debug|Any CPU.ActiveCfg = Debug|Any CPU
		{F024FE95-0EEE-4D6E-B8F7-82DA67091982}.Debug|Any CPU.Build.0 = Debug|Any CPU
		{F024FE95-0EEE-4D6E-B8F7-82DA67091982}.Release|Any CPU.ActiveCfg = Release|Any CPU
		{F024FE95-0EEE-4D6E-B8F7-82DA67091982}.Release|Any CPU.Build.0 = Release|Any CPU
		{912F3129-AEB9-B268-236C-E61D58C9FAC0}.Debug|Any CPU.ActiveCfg = Debug|Any CPU
		{912F3129-AEB9-B268-236C-E61D58C9FAC0}.Debug|Any CPU.Build.0 = Debug|Any CPU
		{912F3129-AEB9-B268-236C-E61D58C9FAC0}.Release|Any CPU.ActiveCfg = Release|Any CPU
		{912F3129-AEB9-B268-236C-E61D58C9FAC0}.Release|Any CPU.Build.0 = Release|Any CPU
		{1B853DE4-4AD5-4AD4-804C-3CA28B33C09E}.Debug|Any CPU.ActiveCfg = Debug|Any CPU
		{1B853DE4-4AD5-4AD4-804C-3CA28B33C09E}.Debug|Any CPU.Build.0 = Debug|Any CPU
		{1B853DE4-4AD5-4AD4-804C-3CA28B33C09E}.Release|Any CPU.ActiveCfg = Release|Any CPU
		{1B853DE4-4AD5-4AD4-804C-3CA28B33C09E}.Release|Any CPU.Build.0 = Release|Any CPU
		{BCC5C200-92AE-4038-9E88-9D6A28330447}.Debug|Any CPU.ActiveCfg = Debug|Any CPU
		{BCC5C200-92AE-4038-9E88-9D6A28330447}.Debug|Any CPU.Build.0 = Debug|Any CPU
		{BCC5C200-92AE-4038-9E88-9D6A28330447}.Release|Any CPU.ActiveCfg = Release|Any CPU
		{BCC5C200-92AE-4038-9E88-9D6A28330447}.Release|Any CPU.Build.0 = Release|Any CPU
		{A802E3A1-0851-4860-8E5C-EE285DF1A622}.Debug|Any CPU.ActiveCfg = Debug|Any CPU
		{A802E3A1-0851-4860-8E5C-EE285DF1A622}.Debug|Any CPU.Build.0 = Debug|Any CPU
		{A802E3A1-0851-4860-8E5C-EE285DF1A622}.Release|Any CPU.ActiveCfg = Release|Any CPU
		{A802E3A1-0851-4860-8E5C-EE285DF1A622}.Release|Any CPU.Build.0 = Release|Any CPU
	EndGlobalSection
	GlobalSection(SolutionProperties) = preSolution
		HideSolutionNode = FALSE
	EndGlobalSection
	GlobalSection(NestedProjects) = preSolution
		{B9FDC356-860C-47EE-901A-C4B5CAEAB7A0} = {02EA681E-C7D8-13C7-8484-4AC65E1B71E8}
		{F024FE95-0EEE-4D6E-B8F7-82DA67091982} = {02EA681E-C7D8-13C7-8484-4AC65E1B71E8}
		{912F3129-AEB9-B268-236C-E61D58C9FAC0} = {02EA681E-C7D8-13C7-8484-4AC65E1B71E8}
		{1B853DE4-4AD5-4AD4-804C-3CA28B33C09E} = {02EA681E-C7D8-13C7-8484-4AC65E1B71E8}
		{BCC5C200-92AE-4038-9E88-9D6A28330447} = {02EA681E-C7D8-13C7-8484-4AC65E1B71E8}
		{A802E3A1-0851-4860-8E5C-EE285DF1A622} = {02EA681E-C7D8-13C7-8484-4AC65E1B71E8}
	EndGlobalSection
	GlobalSection(ExtensibilityGlobals) = postSolution
		SolutionGuid = {9CCE36F7-20B5-469A-887E-382C93925461}
	EndGlobalSection
EndGlobal
